
Microsoft Visual Studio Solution File, Format Version 12.00
# Visual Studio Version 17
VisualStudioVersion = 17.5.33627.172
MinimumVisualStudioVersion = 10.0.40219.1
Project("{FAE04EC0-301F-11D3-BF4B-00C04F79EFBC}") = "PR3", "PR3\PR3.csproj", "{7D5F85BF-EBBC-400C-A5CB-57D28FA05B18}"
EndProject
Global
	GlobalSection(SolutionConfigurationPlatforms) = preSolution
		Debug|Any CPU = Debug|Any CPU
		Release|Any CPU = Release|Any CPU
	EndGlobalSection
	GlobalSection(ProjectConfigurationPlatforms) = postSolution
		{7D5F85BF-EBBC-400C-A5CB-57D28FA05B18}.Debug|Any CPU.ActiveCfg = Debug|Any CPU
		{7D5F85BF-EBBC-400C-A5CB-57D28FA05B18}.Debug|Any CPU.Build.0 = Debug|Any CPU
		{7D5F85BF-EBBC-400C-A5CB-57D28FA05B18}.Release|Any CPU.ActiveCfg = Release|Any CPU
		{7D5F85BF-EBBC-400C-A5CB-57D28FA05B18}.Release|Any CPU.Build.0 = Release|Any CPU
	EndGlobalSection
	GlobalSection(SolutionProperties) = preSolution
		HideSolutionNode = FALSE
	EndGlobalSection
	GlobalSection(ExtensibilityGlobals) = postSolution
		SolutionGuid = {9D1F682B-14AF-4CC8-A698-4027C2CCEE7C}
	EndGlobalSection
EndGlobal
